
Microsoft Visual Studio Solution File, Format Version 12.00
# Visual Studio Version 17
VisualStudioVersion = 17.5.33530.505
MinimumVisualStudioVersion = 10.0.40219.1
Project("{FAE04EC0-301F-11D3-BF4B-00C04F79EFBC}") = "CityRide.Kafka", "CityRide.Kafka\CityRide.Kafka.csproj", "{5CCF365F-6D47-4B25-AF8E-FD25920B9681}"
EndProject
Global
	GlobalSection(SolutionConfigurationPlatforms) = preSolution
		Debug|Any CPU = Debug|Any CPU
		Release|Any CPU = Release|Any CPU
	EndGlobalSection
	GlobalSection(ProjectConfigurationPlatforms) = postSolution
		{5CCF365F-6D47-4B25-AF8E-FD25920B9681}.Debug|Any CPU.ActiveCfg = Debug|Any CPU
		{5CCF365F-6D47-4B25-AF8E-FD25920B9681}.Debug|Any CPU.Build.0 = Debug|Any CPU
		{5CCF365F-6D47-4B25-AF8E-FD25920B9681}.Release|Any CPU.ActiveCfg = Release|Any CPU
		{5CCF365F-6D47-4B25-AF8E-FD25920B9681}.Release|Any CPU.Build.0 = Release|Any CPU
	EndGlobalSection
	GlobalSection(SolutionProperties) = preSolution
		HideSolutionNode = FALSE
	EndGlobalSection
	GlobalSection(ExtensibilityGlobals) = postSolution
		SolutionGuid = {E2597FC4-BD09-4447-BBC4-1015AD53DE84}
	EndGlobalSection
EndGlobal
